
Microsoft Visual Studio Solution File, Format Version 12.00
# Visual Studio 15
VisualStudioVersion = 15.0.28307.329
MinimumVisualStudioVersion = 10.0.40219.1
Project("{8BC9CEB8-8B4A-11D0-8D11-00A0C91BC942}") = "UdpServer", "UdpServer\UdpServer.vcxproj", "{A60BF93F-9578-4772-B267-5676AECC6A33}"
EndProject
Global
	GlobalSection(SolutionConfigurationPlatforms) = preSolution
		Debug|x64 = Debug|x64
		Debug|x86 = Debug|x86
		Release|x64 = Release|x64
		Release|x86 = Release|x86
	EndGlobalSection
	GlobalSection(ProjectConfigurationPlatforms) = postSolution
		{A60BF93F-9578-4772-B267-5676AECC6A33}.Debug|x64.ActiveCfg = Debug|x64
		{A60BF93F-9578-4772-B267-5676AECC6A33}.Debug|x64.Build.0 = Debug|x64
		{A60BF93F-9578-4772-B267-5676AECC6A33}.Debug|x86.ActiveCfg = Debug|Win32
		{A60BF93F-9578-4772-B267-5676AECC6A33}.Debug|x86.Build.0 = Debug|Win32
		{A60BF93F-9578-4772-B267-5676AECC6A33}.Release|x64.ActiveCfg = Release|x64
		{A60BF93F-9578-4772-B267-5676AECC6A33}.Release|x64.Build.0 = Release|x64
		{A60BF93F-9578-4772-B267-5676AECC6A33}.Release|x86.ActiveCfg = Release|Win32
		{A60BF93F-9578-4772-B267-5676AECC6A33}.Release|x86.Build.0 = Release|Win32
	EndGlobalSection
	GlobalSection(SolutionProperties) = preSolution
		HideSolutionNode = FALSE
	EndGlobalSection
	GlobalSection(ExtensibilityGlobals) = postSolution
		SolutionGuid = {70CA242B-40F1-493B-90ED-1FD267A6086E}
	EndGlobalSection
EndGlobal
